// !$*UTF8*$!
{
	archiveVersion = 1;
	classes = {
	};
	objectVersion = 46;
	objects = {

/* Begin PBXBuildFile section */
		C70B09291BEB0AA40027BA82 /* libSSOService.a in Frameworks */ = {isa = PBXBuildFile; fileRef = C7145A361BE8A0CA009B3E43 /* libSSOService.a */; };
		C70B092D1BEB19A40027BA82 /* SafariServices.framework in Frameworks */ = {isa = PBXBuildFile; fileRef = C70B092C1BEB19A40027BA82 /* SafariServices.framework */; };
		C70B09301BEB2E760027BA82 /* SSOWebViewController.m in Sources */ = {isa = PBXBuildFile; fileRef = C70B092F1BEB2E760027BA82 /* SSOWebViewController.m */; };
		C7145A3A1BE8A0CA009B3E43 /* SSOService.h in CopyFiles */ = {isa = PBXBuildFile; fileRef = C7145A391BE8A0CA009B3E43 /* SSOService.h */; };
		C7145A3C1BE8A0CA009B3E43 /* SSOService.m in Sources */ = {isa = PBXBuildFile; fileRef = C7145A3B1BE8A0CA009B3E43 /* SSOService.m */; };
		C7145A491BE8A7F3009B3E43 /* Tests.m in Sources */ = {isa = PBXBuildFile; fileRef = C7145A481BE8A7F3009B3E43 /* Tests.m */; };
		C7145A4B1BE8A7F4009B3E43 /* libSSOService.a in Frameworks */ = {isa = PBXBuildFile; fileRef = C7145A361BE8A0CA009B3E43 /* libSSOService.a */; };
		C7145AA41BE9F9D4009B3E43 /* main.m in Sources */ = {isa = PBXBuildFile; fileRef = C7145AA31BE9F9D4009B3E43 /* main.m */; };
		C7145AA71BE9F9D4009B3E43 /* AppDelegate.m in Sources */ = {isa = PBXBuildFile; fileRef = C7145AA61BE9F9D4009B3E43 /* AppDelegate.m */; };
		C7145AAA1BE9F9D4009B3E43 /* ViewController.m in Sources */ = {isa = PBXBuildFile; fileRef = C7145AA91BE9F9D4009B3E43 /* ViewController.m */; };
		C7145AAD1BE9F9D4009B3E43 /* Main.storyboard in Resources */ = {isa = PBXBuildFile; fileRef = C7145AAB1BE9F9D4009B3E43 /* Main.storyboard */; };
		C7145AAF1BE9F9D4009B3E43 /* Assets.xcassets in Resources */ = {isa = PBXBuildFile; fileRef = C7145AAE1BE9F9D4009B3E43 /* Assets.xcassets */; };
		C7145AB21BE9F9D4009B3E43 /* LaunchScreen.storyboard in Resources */ = {isa = PBXBuildFile; fileRef = C7145AB01BE9F9D4009B3E43 /* LaunchScreen.storyboard */; };
/* End PBXBuildFile section */

/* Begin PBXContainerItemProxy section */
		C70B092A1BEB0AB00027BA82 /* PBXContainerItemProxy */ = {
			isa = PBXContainerItemProxy;
			containerPortal = C7145A2E1BE8A0C9009B3E43 /* Project object */;
			proxyType = 1;
			remoteGlobalIDString = C7145A351BE8A0C9009B3E43;
			remoteInfo = SSOService;
		};
		C7145A4C1BE8A7F4009B3E43 /* PBXContainerItemProxy */ = {
			isa = PBXContainerItemProxy;
			containerPortal = C7145A2E1BE8A0C9009B3E43 /* Project object */;
			proxyType = 1;
			remoteGlobalIDString = C7145A351BE8A0C9009B3E43;
			remoteInfo = SSOService;
		};
/* End PBXContainerItemProxy section */

/* Begin PBXCopyFilesBuildPhase section */
		C7145A341BE8A0C9009B3E43 /* CopyFiles */ = {
			isa = PBXCopyFilesBuildPhase;
			buildActionMask = 2147483647;
			dstPath = "include/$(PRODUCT_NAME)";
			dstSubfolderSpec = 16;
			files = (
				C7145A3A1BE8A0CA009B3E43 /* SSOService.h in CopyFiles */,
			);
			runOnlyForDeploymentPostprocessing = 0;
		};
/* End PBXCopyFilesBuildPhase section */

/* Begin PBXFileReference section */
		C70B092C1BEB19A40027BA82 /* SafariServices.framework */ = {isa = PBXFileReference; lastKnownFileType = wrapper.framework; name = SafariServices.framework; path = System/Library/Frameworks/SafariServices.framework; sourceTree = SDKROOT; };
		C70B092E1BEB2E760027BA82 /* SSOWebViewController.h */ = {isa = PBXFileReference; fileEncoding = 4; lastKnownFileType = sourcecode.c.h; path = SSOWebViewController.h; sourceTree = "<group>"; };
		C70B092F1BEB2E760027BA82 /* SSOWebViewController.m */ = {isa = PBXFileReference; fileEncoding = 4; lastKnownFileType = sourcecode.c.objc; path = SSOWebViewController.m; sourceTree = "<group>"; };
		C70B09321BEC9A6B0027BA82 /* README.md */ = {isa = PBXFileReference; fileEncoding = 4; lastKnownFileType = net.daringfireball.markdown; path = README.md; sourceTree = "<group>"; };
		C7145A361BE8A0CA009B3E43 /* libSSOService.a */ = {isa = PBXFileReference; explicitFileType = archive.ar; includeInIndex = 0; path = libSSOService.a; sourceTree = BUILT_PRODUCTS_DIR; };
		C7145A391BE8A0CA009B3E43 /* SSOService.h */ = {isa = PBXFileReference; lastKnownFileType = sourcecode.c.h; path = SSOService.h; sourceTree = "<group>"; };
		C7145A3B1BE8A0CA009B3E43 /* SSOService.m */ = {isa = PBXFileReference; lastKnownFileType = sourcecode.c.objc; path = SSOService.m; sourceTree = "<group>"; };
		C7145A461BE8A7F3009B3E43 /* Tests.xctest */ = {isa = PBXFileReference; explicitFileType = wrapper.cfbundle; includeInIndex = 0; path = Tests.xctest; sourceTree = BUILT_PRODUCTS_DIR; };
		C7145A481BE8A7F3009B3E43 /* Tests.m */ = {isa = PBXFileReference; lastKnownFileType = sourcecode.c.objc; path = Tests.m; sourceTree = "<group>"; };
		C7145A4A1BE8A7F3009B3E43 /* Info.plist */ = {isa = PBXFileReference; lastKnownFileType = text.plist.xml; path = Info.plist; sourceTree = "<group>"; };
		C7145AA01BE9F9D4009B3E43 /* Demo-iOS.app */ = {isa = PBXFileReference; explicitFileType = wrapper.application; includeInIndex = 0; path = "Demo-iOS.app"; sourceTree = BUILT_PRODUCTS_DIR; };
		C7145AA31BE9F9D4009B3E43 /* main.m */ = {isa = PBXFileReference; lastKnownFileType = sourcecode.c.objc; path = main.m; sourceTree = "<group>"; };
		C7145AA51BE9F9D4009B3E43 /* AppDelegate.h */ = {isa = PBXFileReference; lastKnownFileType = sourcecode.c.h; path = AppDelegate.h; sourceTree = "<group>"; };
		C7145AA61BE9F9D4009B3E43 /* AppDelegate.m */ = {isa = PBXFileReference; lastKnownFileType = sourcecode.c.objc; path = AppDelegate.m; sourceTree = "<group>"; };
		C7145AA81BE9F9D4009B3E43 /* ViewController.h */ = {isa = PBXFileReference; lastKnownFileType = sourcecode.c.h; path = ViewController.h; sourceTree = "<group>"; };
		C7145AA91BE9F9D4009B3E43 /* ViewController.m */ = {isa = PBXFileReference; lastKnownFileType = sourcecode.c.objc; path = ViewController.m; sourceTree = "<group>"; };
		C7145AAC1BE9F9D4009B3E43 /* Base */ = {isa = PBXFileReference; lastKnownFileType = file.storyboard; name = Base; path = Base.lproj/Main.storyboard; sourceTree = "<group>"; };
		C7145AAE1BE9F9D4009B3E43 /* Assets.xcassets */ = {isa = PBXFileReference; lastKnownFileType = folder.assetcatalog; path = Assets.xcassets; sourceTree = "<group>"; };
		C7145AB11BE9F9D4009B3E43 /* Base */ = {isa = PBXFileReference; lastKnownFileType = file.storyboard; name = Base; path = Base.lproj/LaunchScreen.storyboard; sourceTree = "<group>"; };
		C7145AB31BE9F9D4009B3E43 /* Info.plist */ = {isa = PBXFileReference; lastKnownFileType = text.plist.xml; path = Info.plist; sourceTree = "<group>"; };
/* End PBXFileReference section */

/* Begin PBXFrameworksBuildPhase section */
		C7145A331BE8A0C9009B3E43 /* Frameworks */ = {
			isa = PBXFrameworksBuildPhase;
			buildActionMask = 2147483647;
			files = (
			);
			runOnlyForDeploymentPostprocessing = 0;
		};
		C7145A431BE8A7F3009B3E43 /* Frameworks */ = {
			isa = PBXFrameworksBuildPhase;
			buildActionMask = 2147483647;
			files = (
				C7145A4B1BE8A7F4009B3E43 /* libSSOService.a in Frameworks */,
			);
			runOnlyForDeploymentPostprocessing = 0;
		};
		C7145A9D1BE9F9D4009B3E43 /* Frameworks */ = {
			isa = PBXFrameworksBuildPhase;
			buildActionMask = 2147483647;
			files = (
				C70B092D1BEB19A40027BA82 /* SafariServices.framework in Frameworks */,
				C70B09291BEB0AA40027BA82 /* libSSOService.a in Frameworks */,
			);
			runOnlyForDeploymentPostprocessing = 0;
		};
/* End PBXFrameworksBuildPhase section */

/* Begin PBXGroup section */
		C70B09311BEC98940027BA82 /* Frameworks */ = {
			isa = PBXGroup;
			children = (
				C70B092C1BEB19A40027BA82 /* SafariServices.framework */,
			);
			name = Frameworks;
			sourceTree = "<group>";
		};
		C7145A2D1BE8A0C9009B3E43 = {
			isa = PBXGroup;
			children = (
				C70B09321BEC9A6B0027BA82 /* README.md */,
				C7145A381BE8A0CA009B3E43 /* SSOService */,
				C7145A471BE8A7F3009B3E43 /* Tests */,
				C70B09311BEC98940027BA82 /* Frameworks */,
				C7145AA11BE9F9D4009B3E43 /* Demo-iOS */,
				C7145A371BE8A0CA009B3E43 /* Products */,
			);
			sourceTree = "<group>";
		};
		C7145A371BE8A0CA009B3E43 /* Products */ = {
			isa = PBXGroup;
			children = (
				C7145A361BE8A0CA009B3E43 /* libSSOService.a */,
				C7145A461BE8A7F3009B3E43 /* Tests.xctest */,
				C7145AA01BE9F9D4009B3E43 /* Demo-iOS.app */,
			);
			name = Products;
			sourceTree = "<group>";
		};
		C7145A381BE8A0CA009B3E43 /* SSOService */ = {
			isa = PBXGroup;
			children = (
				C7145A391BE8A0CA009B3E43 /* SSOService.h */,
				C7145A3B1BE8A0CA009B3E43 /* SSOService.m */,
				C70B092E1BEB2E760027BA82 /* SSOWebViewController.h */,
				C70B092F1BEB2E760027BA82 /* SSOWebViewController.m */,
			);
			path = SSOService;
			sourceTree = "<group>";
		};
		C7145A471BE8A7F3009B3E43 /* Tests */ = {
			isa = PBXGroup;
			children = (
				C7145A481BE8A7F3009B3E43 /* Tests.m */,
				C7145A4A1BE8A7F3009B3E43 /* Info.plist */,
			);
			path = Tests;
			sourceTree = "<group>";
		};
		C7145AA11BE9F9D4009B3E43 /* Demo-iOS */ = {
			isa = PBXGroup;
			children = (
				C7145AA51BE9F9D4009B3E43 /* AppDelegate.h */,
				C7145AA61BE9F9D4009B3E43 /* AppDelegate.m */,
				C7145AA81BE9F9D4009B3E43 /* ViewController.h */,
				C7145AA91BE9F9D4009B3E43 /* ViewController.m */,
				C7145AAB1BE9F9D4009B3E43 /* Main.storyboard */,
				C7145AAE1BE9F9D4009B3E43 /* Assets.xcassets */,
				C7145AB01BE9F9D4009B3E43 /* LaunchScreen.storyboard */,
				C7145AB31BE9F9D4009B3E43 /* Info.plist */,
				C7145AA21BE9F9D4009B3E43 /* Supporting Files */,
			);
			path = "Demo-iOS";
			sourceTree = "<group>";
		};
		C7145AA21BE9F9D4009B3E43 /* Supporting Files */ = {
			isa = PBXGroup;
			children = (
				C7145AA31BE9F9D4009B3E43 /* main.m */,
			);
			name = "Supporting Files";
			sourceTree = "<group>";
		};
/* End PBXGroup section */

/* Begin PBXNativeTarget section */
		C7145A351BE8A0C9009B3E43 /* SSOService */ = {
			isa = PBXNativeTarget;
			buildConfigurationList = C7145A3F1BE8A0CA009B3E43 /* Build configuration list for PBXNativeTarget "SSOService" */;
			buildPhases = (
				C7145A321BE8A0C9009B3E43 /* Sources */,
				C7145A331BE8A0C9009B3E43 /* Frameworks */,
				C7145A341BE8A0C9009B3E43 /* CopyFiles */,
			);
			buildRules = (
			);
			dependencies = (
			);
			name = SSOService;
			productName = SSOService;
			productReference = C7145A361BE8A0CA009B3E43 /* libSSOService.a */;
			productType = "com.apple.product-type.library.static";
		};
		C7145A451BE8A7F3009B3E43 /* Tests */ = {
			isa = PBXNativeTarget;
			buildConfigurationList = C7145A4E1BE8A7F4009B3E43 /* Build configuration list for PBXNativeTarget "Tests" */;
			buildPhases = (
				C7145A421BE8A7F3009B3E43 /* Sources */,
				C7145A431BE8A7F3009B3E43 /* Frameworks */,
				C7145A441BE8A7F3009B3E43 /* Resources */,
			);
			buildRules = (
			);
			dependencies = (
				C7145A4D1BE8A7F4009B3E43 /* PBXTargetDependency */,
			);
			name = Tests;
			productName = Tests;
			productReference = C7145A461BE8A7F3009B3E43 /* Tests.xctest */;
			productType = "com.apple.product-type.bundle.unit-test";
		};
		C7145A9F1BE9F9D4009B3E43 /* Demo-iOS */ = {
			isa = PBXNativeTarget;
			buildConfigurationList = C7145ACA1BE9F9D4009B3E43 /* Build configuration list for PBXNativeTarget "Demo-iOS" */;
			buildPhases = (
				C7145A9C1BE9F9D4009B3E43 /* Sources */,
				C7145A9D1BE9F9D4009B3E43 /* Frameworks */,
				C7145A9E1BE9F9D4009B3E43 /* Resources */,
			);
			buildRules = (
			);
			dependencies = (
				C70B092B1BEB0AB00027BA82 /* PBXTargetDependency */,
			);
			name = "Demo-iOS";
			productName = SSOServiceDemo;
			productReference = C7145AA01BE9F9D4009B3E43 /* Demo-iOS.app */;
			productType = "com.apple.product-type.application";
		};
/* End PBXNativeTarget section */

/* Begin PBXProject section */
		C7145A2E1BE8A0C9009B3E43 /* Project object */ = {
			isa = PBXProject;
			attributes = {
				LastUpgradeCheck = 0710;
				ORGANIZATIONNAME = Surfnet;
				TargetAttributes = {
					C7145A351BE8A0C9009B3E43 = {
						CreatedOnToolsVersion = 7.1;
					};
					C7145A451BE8A7F3009B3E43 = {
						CreatedOnToolsVersion = 7.1;
					};
					C7145A9F1BE9F9D4009B3E43 = {
						CreatedOnToolsVersion = 7.1;
					};
				};
			};
			buildConfigurationList = C7145A311BE8A0C9009B3E43 /* Build configuration list for PBXProject "SSOService" */;
			compatibilityVersion = "Xcode 3.2";
			developmentRegion = English;
			hasScannedForEncodings = 0;
			knownRegions = (
				en,
				Base,
			);
			mainGroup = C7145A2D1BE8A0C9009B3E43;
			productRefGroup = C7145A371BE8A0CA009B3E43 /* Products */;
			projectDirPath = "";
			projectRoot = "";
			targets = (
				C7145A351BE8A0C9009B3E43 /* SSOService */,
				C7145A451BE8A7F3009B3E43 /* Tests */,
				C7145A9F1BE9F9D4009B3E43 /* Demo-iOS */,
			);
		};
/* End PBXProject section */

/* Begin PBXResourcesBuildPhase section */
		C7145A441BE8A7F3009B3E43 /* Resources */ = {
			isa = PBXResourcesBuildPhase;
			buildActionMask = 2147483647;
			files = (
			);
			runOnlyForDeploymentPostprocessing = 0;
		};
		C7145A9E1BE9F9D4009B3E43 /* Resources */ = {
			isa = PBXResourcesBuildPhase;
			buildActionMask = 2147483647;
			files = (
				C7145AB21BE9F9D4009B3E43 /* LaunchScreen.storyboard in Resources */,
				C7145AAF1BE9F9D4009B3E43 /* Assets.xcassets in Resources */,
				C7145AAD1BE9F9D4009B3E43 /* Main.storyboard in Resources */,
			);
			runOnlyForDeploymentPostprocessing = 0;
		};
/* End PBXResourcesBuildPhase section */

/* Begin PBXSourcesBuildPhase section */
		C7145A321BE8A0C9009B3E43 /* Sources */ = {
			isa = PBXSourcesBuildPhase;
			buildActionMask = 2147483647;
			files = (
				C7145A3C1BE8A0CA009B3E43 /* SSOService.m in Sources */,
				C70B09301BEB2E760027BA82 /* SSOWebViewController.m in Sources */,
			);
			runOnlyForDeploymentPostprocessing = 0;
		};
		C7145A421BE8A7F3009B3E43 /* Sources */ = {
			isa = PBXSourcesBuildPhase;
			buildActionMask = 2147483647;
			files = (
				C7145A491BE8A7F3009B3E43 /* Tests.m in Sources */,
			);
			runOnlyForDeploymentPostprocessing = 0;
		};
		C7145A9C1BE9F9D4009B3E43 /* Sources */ = {
			isa = PBXSourcesBuildPhase;
			buildActionMask = 2147483647;
			files = (
				C7145AAA1BE9F9D4009B3E43 /* ViewController.m in Sources */,
				C7145AA71BE9F9D4009B3E43 /* AppDelegate.m in Sources */,
				C7145AA41BE9F9D4009B3E43 /* main.m in Sources */,
			);
			runOnlyForDeploymentPostprocessing = 0;
		};
/* End PBXSourcesBuildPhase section */

/* Begin PBXTargetDependency section */
		C70B092B1BEB0AB00027BA82 /* PBXTargetDependency */ = {
			isa = PBXTargetDependency;
			target = C7145A351BE8A0C9009B3E43 /* SSOService */;
			targetProxy = C70B092A1BEB0AB00027BA82 /* PBXContainerItemProxy */;
		};
		C7145A4D1BE8A7F4009B3E43 /* PBXTargetDependency */ = {
			isa = PBXTargetDependency;
			target = C7145A351BE8A0C9009B3E43 /* SSOService */;
			targetProxy = C7145A4C1BE8A7F4009B3E43 /* PBXContainerItemProxy */;
		};
/* End PBXTargetDependency section */

/* Begin PBXVariantGroup section */
		C7145AAB1BE9F9D4009B3E43 /* Main.storyboard */ = {
			isa = PBXVariantGroup;
			children = (
				C7145AAC1BE9F9D4009B3E43 /* Base */,
			);
			name = Main.storyboard;
			sourceTree = "<group>";
		};
		C7145AB01BE9F9D4009B3E43 /* LaunchScreen.storyboard */ = {
			isa = PBXVariantGroup;
			children = (
				C7145AB11BE9F9D4009B3E43 /* Base */,
			);
			name = LaunchScreen.storyboard;
			sourceTree = "<group>";
		};
/* End PBXVariantGroup section */

/* Begin XCBuildConfiguration section */
		C7145A3D1BE8A0CA009B3E43 /* Debug */ = {
			isa = XCBuildConfiguration;
			buildSettings = {
				ALWAYS_SEARCH_USER_PATHS = NO;
				CLANG_CXX_LANGUAGE_STANDARD = "gnu++0x";
				CLANG_CXX_LIBRARY = "libc++";
				CLANG_ENABLE_MODULES = YES;
				CLANG_ENABLE_OBJC_ARC = YES;
				CLANG_WARN_BOOL_CONVERSION = YES;
				CLANG_WARN_CONSTANT_CONVERSION = YES;
				CLANG_WARN_DIRECT_OBJC_ISA_USAGE = YES_ERROR;
				CLANG_WARN_EMPTY_BODY = YES;
				CLANG_WARN_ENUM_CONVERSION = YES;
				CLANG_WARN_INT_CONVERSION = YES;
				CLANG_WARN_OBJC_ROOT_CLASS = YES_ERROR;
				CLANG_WARN_UNREACHABLE_CODE = YES;
				CLANG_WARN__DUPLICATE_METHOD_MATCH = YES;
				"CODE_SIGN_IDENTITY[sdk=iphoneos*]" = "iPhone Developer";
				COPY_PHASE_STRIP = NO;
				DEBUG_INFORMATION_FORMAT = dwarf;
				ENABLE_STRICT_OBJC_MSGSEND = YES;
				ENABLE_TESTABILITY = YES;
				GCC_C_LANGUAGE_STANDARD = gnu99;
				GCC_DYNAMIC_NO_PIC = NO;
				GCC_NO_COMMON_BLOCKS = YES;
				GCC_OPTIMIZATION_LEVEL = 0;
				GCC_PREPROCESSOR_DEFINITIONS = (
					"DEBUG=1",
					"$(inherited)",
				);
				GCC_WARN_64_TO_32_BIT_CONVERSION = YES;
				GCC_WARN_ABOUT_RETURN_TYPE = YES_ERROR;
				GCC_WARN_UNDECLARED_SELECTOR = YES;
				GCC_WARN_UNINITIALIZED_AUTOS = YES_AGGRESSIVE;
				GCC_WARN_UNUSED_FUNCTION = YES;
				GCC_WARN_UNUSED_VARIABLE = YES;
				IPHONEOS_DEPLOYMENT_TARGET = 9.1;
				MTL_ENABLE_DEBUG_INFO = YES;
				ONLY_ACTIVE_ARCH = YES;
				SDKROOT = iphoneos;
			};
			name = Debug;
		};
		C7145A3E1BE8A0CA009B3E43 /* Release */ = {
			isa = XCBuildConfiguration;
			buildSettings = {
				ALWAYS_SEARCH_USER_PATHS = NO;
				CLANG_CXX_LANGUAGE_STANDARD = "gnu++0x";
				CLANG_CXX_LIBRARY = "libc++";
				CLANG_ENABLE_MODULES = YES;
				CLANG_ENABLE_OBJC_ARC = YES;
				CLANG_WARN_BOOL_CONVERSION = YES;
				CLANG_WARN_CONSTANT_CONVERSION = YES;
				CLANG_WARN_DIRECT_OBJC_ISA_USAGE = YES_ERROR;
				CLANG_WARN_EMPTY_BODY = YES;
				CLANG_WARN_ENUM_CONVERSION = YES;
				CLANG_WARN_INT_CONVERSION = YES;
				CLANG_WARN_OBJC_ROOT_CLASS = YES_ERROR;
				CLANG_WARN_UNREACHABLE_CODE = YES;
				CLANG_WARN__DUPLICATE_METHOD_MATCH = YES;
				"CODE_SIGN_IDENTITY[sdk=iphoneos*]" = "iPhone Developer";
				COPY_PHASE_STRIP = NO;
				DEBUG_INFORMATION_FORMAT = "dwarf-with-dsym";
				ENABLE_NS_ASSERTIONS = NO;
				ENABLE_STRICT_OBJC_MSGSEND = YES;
				GCC_C_LANGUAGE_STANDARD = gnu99;
				GCC_NO_COMMON_BLOCKS = YES;
				GCC_WARN_64_TO_32_BIT_CONVERSION = YES;
				GCC_WARN_ABOUT_RETURN_TYPE = YES_ERROR;
				GCC_WARN_UNDECLARED_SELECTOR = YES;
				GCC_WARN_UNINITIALIZED_AUTOS = YES_AGGRESSIVE;
				GCC_WARN_UNUSED_FUNCTION = YES;
				GCC_WARN_UNUSED_VARIABLE = YES;
				IPHONEOS_DEPLOYMENT_TARGET = 9.1;
				MTL_ENABLE_DEBUG_INFO = NO;
				SDKROOT = iphoneos;
				VALIDATE_PRODUCT = YES;
			};
			name = Release;
		};
		C7145A401BE8A0CA009B3E43 /* Debug */ = {
			isa = XCBuildConfiguration;
			buildSettings = {
				OTHER_LDFLAGS = "-ObjC";
				PRODUCT_NAME = "$(TARGET_NAME)";
				SKIP_INSTALL = YES;
			};
			name = Debug;
		};
		C7145A411BE8A0CA009B3E43 /* Release */ = {
			isa = XCBuildConfiguration;
			buildSettings = {
				OTHER_LDFLAGS = "-ObjC";
				PRODUCT_NAME = "$(TARGET_NAME)";
				SKIP_INSTALL = YES;
			};
			name = Release;
		};
		C7145A4F1BE8A7F4009B3E43 /* Debug */ = {
			isa = XCBuildConfiguration;
			buildSettings = {
				INFOPLIST_FILE = Tests/Info.plist;
				LD_RUNPATH_SEARCH_PATHS = "$(inherited) @executable_path/Frameworks @loader_path/Frameworks";
				PRODUCT_BUNDLE_IDENTIFIER = nl.surfnet.Tests;
				PRODUCT_NAME = "$(TARGET_NAME)";
			};
			name = Debug;
		};
		C7145A501BE8A7F4009B3E43 /* Release */ = {
			isa = XCBuildConfiguration;
			buildSettings = {
				INFOPLIST_FILE = Tests/Info.plist;
				LD_RUNPATH_SEARCH_PATHS = "$(inherited) @executable_path/Frameworks @loader_path/Frameworks";
				PRODUCT_BUNDLE_IDENTIFIER = nl.surfnet.Tests;
				PRODUCT_NAME = "$(TARGET_NAME)";
			};
			name = Release;
		};
		C7145ACB1BE9F9D4009B3E43 /* Debug */ = {
			isa = XCBuildConfiguration;
			buildSettings = {
				ASSETCATALOG_COMPILER_APPICON_NAME = AppIcon;
				INFOPLIST_FILE = "$(SRCROOT)/Demo-iOS/Info.plist";
				LD_RUNPATH_SEARCH_PATHS = "$(inherited) @executable_path/Frameworks";
				PRODUCT_BUNDLE_IDENTIFIER = nl.surfnet.SSOServiceDemo;
				PRODUCT_NAME = "$(TARGET_NAME)";
				TARGETED_DEVICE_FAMILY = "1,2";
			};
			name = Debug;
		};
		C7145ACC1BE9F9D4009B3E43 /* Release */ = {
			isa = XCBuildConfiguration;
			buildSettings = {
				ASSETCATALOG_COMPILER_APPICON_NAME = AppIcon;
				INFOPLIST_FILE = "$(SRCROOT)/Demo-iOS/Info.plist";
				LD_RUNPATH_SEARCH_PATHS = "$(inherited) @executable_path/Frameworks";
				PRODUCT_BUNDLE_IDENTIFIER = nl.surfnet.SSOServiceDemo;
				PRODUCT_NAME = "$(TARGET_NAME)";
				TARGETED_DEVICE_FAMILY = "1,2";
			};
			name = Release;
		};
/* End XCBuildConfiguration section */

/* Begin XCConfigurationList section */
		C7145A311BE8A0C9009B3E43 /* Build configuration list for PBXProject "SSOService" */ = {
			isa = XCConfigurationList;
			buildConfigurations = (
				C7145A3D1BE8A0CA009B3E43 /* Debug */,
				C7145A3E1BE8A0CA009B3E43 /* Release */,
			);
			defaultConfigurationIsVisible = 0;
			defaultConfigurationName = Release;
		};
		C7145A3F1BE8A0CA009B3E43 /* Build configuration list for PBXNativeTarget "SSOService" */ = {
			isa = XCConfigurationList;
			buildConfigurations = (
				C7145A401BE8A0CA009B3E43 /* Debug */,
				C7145A411BE8A0CA009B3E43 /* Release */,
			);
			defaultConfigurationIsVisible = 0;
			defaultConfigurationName = Release;
		};
		C7145A4E1BE8A7F4009B3E43 /* Build configuration list for PBXNativeTarget "Tests" */ = {
			isa = XCConfigurationList;
			buildConfigurations = (
				C7145A4F1BE8A7F4009B3E43 /* Debug */,
				C7145A501BE8A7F4009B3E43 /* Release */,
			);
			defaultConfigurationIsVisible = 0;
			defaultConfigurationName = Release;
		};
		C7145ACA1BE9F9D4009B3E43 /* Build configuration list for PBXNativeTarget "Demo-iOS" */ = {
			isa = XCConfigurationList;
			buildConfigurations = (
				C7145ACB1BE9F9D4009B3E43 /* Debug */,
				C7145ACC1BE9F9D4009B3E43 /* Release */,
			);
			defaultConfigurationIsVisible = 0;
			defaultConfigurationName = Release;
		};
/* End XCConfigurationList section */
	};
	rootObject = C7145A2E1BE8A0C9009B3E43 /* Project object */;
}
